// !$*UTF8*$!
{
	archiveVersion = 1;
	classes = {
	};
	objectVersion = 46;
	objects = {

/* Begin PBXBuildFile section */
		30C750281E2F8C6800D374A2 /* AppDelegate.swift in Sources */ = {isa = PBXBuildFile; fileRef = 30C750271E2F8C6800D374A2 /* AppDelegate.swift */; };
		30C7502A1E2F8C6800D374A2 /* ViewController.swift in Sources */ = {isa = PBXBuildFile; fileRef = 30C750291E2F8C6800D374A2 /* ViewController.swift */; };
		30C7502D1E2F8C6800D374A2 /* Main.storyboard in Resources */ = {isa = PBXBuildFile; fileRef = 30C7502B1E2F8C6800D374A2 /* Main.storyboard */; };
		30C7502F1E2F8C6800D374A2 /* Assets.xcassets in Resources */ = {isa = PBXBuildFile; fileRef = 30C7502E1E2F8C6800D374A2 /* Assets.xcassets */; };
		30C750321E2F8C6800D374A2 /* LaunchScreen.storyboard in Resources */ = {isa = PBXBuildFile; fileRef = 30C750301E2F8C6800D374A2 /* LaunchScreen.storyboard */; };
		30C7503D1E2F8C6800D374A2 /* Isiah2918Tests.swift in Sources */ = {isa = PBXBuildFile; fileRef = 30C7503C1E2F8C6800D374A2 /* Isiah2918Tests.swift */; };
		30C750481E2F8C6800D374A2 /* Isiah2918UITests.swift in Sources */ = {isa = PBXBuildFile; fileRef = 30C750471E2F8C6800D374A2 /* Isiah2918UITests.swift */; };
		30C750561E2FA90000D374A2 /* TestImage.jpg in Resources */ = {isa = PBXBuildFile; fileRef = 30C750551E2FA90000D374A2 /* TestImage.jpg */; };
		5EB0E760C69D4DAA51263D3F /* Pods_Isiah2918.framework in Frameworks */ = {isa = PBXBuildFile; fileRef = 405D52F1D374F31345C2B98E /* Pods_Isiah2918.framework */; };
		BFDBA1E417A4911EEC491686 /* Pods_Isiah2918UITests.framework in Frameworks */ = {isa = PBXBuildFile; fileRef = F4BE55DA17BA472034A437E1 /* Pods_Isiah2918UITests.framework */; };
		EE19378C27342162855E37DF /* Pods_Isiah2918Tests.framework in Frameworks */ = {isa = PBXBuildFile; fileRef = 17FEF16B20A0FC8399AF57EA /* Pods_Isiah2918Tests.framework */; };
/* End PBXBuildFile section */

/* Begin PBXContainerItemProxy section */
		30C750391E2F8C6800D374A2 /* PBXContainerItemProxy */ = {
			isa = PBXContainerItemProxy;
			containerPortal = 30C7501C1E2F8C6800D374A2 /* Project object */;
			proxyType = 1;
			remoteGlobalIDString = 30C750231E2F8C6800D374A2;
			remoteInfo = Isiah2918;
		};
		30C750441E2F8C6800D374A2 /* PBXContainerItemProxy */ = {
			isa = PBXContainerItemProxy;
			containerPortal = 30C7501C1E2F8C6800D374A2 /* Project object */;
			proxyType = 1;
			remoteGlobalIDString = 30C750231E2F8C6800D374A2;
			remoteInfo = Isiah2918;
		};
/* End PBXContainerItemProxy section */

/* Begin PBXFileReference section */
		17FEF16B20A0FC8399AF57EA /* Pods_Isiah2918Tests.framework */ = {isa = PBXFileReference; explicitFileType = wrapper.framework; includeInIndex = 0; path = Pods_Isiah2918Tests.framework; sourceTree = BUILT_PRODUCTS_DIR; };
		2887C592DEE3EA5C32D8FF00 /* Pods-Isiah2918.debug.xcconfig */ = {isa = PBXFileReference; includeInIndex = 1; lastKnownFileType = text.xcconfig; name = "Pods-Isiah2918.debug.xcconfig"; path = "Pods/Target Support Files/Pods-Isiah2918/Pods-Isiah2918.debug.xcconfig"; sourceTree = "<group>"; };
		30C750241E2F8C6800D374A2 /* Isiah2918.app */ = {isa = PBXFileReference; explicitFileType = wrapper.application; includeInIndex = 0; path = Isiah2918.app; sourceTree = BUILT_PRODUCTS_DIR; };
		30C750271E2F8C6800D374A2 /* AppDelegate.swift */ = {isa = PBXFileReference; lastKnownFileType = sourcecode.swift; path = AppDelegate.swift; sourceTree = "<group>"; };
		30C750291E2F8C6800D374A2 /* ViewController.swift */ = {isa = PBXFileReference; lastKnownFileType = sourcecode.swift; path = ViewController.swift; sourceTree = "<group>"; };
		30C7502C1E2F8C6800D374A2 /* Base */ = {isa = PBXFileReference; lastKnownFileType = file.storyboard; name = Base; path = Base.lproj/Main.storyboard; sourceTree = "<group>"; };
		30C7502E1E2F8C6800D374A2 /* Assets.xcassets */ = {isa = PBXFileReference; lastKnownFileType = folder.assetcatalog; path = Assets.xcassets; sourceTree = "<group>"; };
		30C750311E2F8C6800D374A2 /* Base */ = {isa = PBXFileReference; lastKnownFileType = file.storyboard; name = Base; path = Base.lproj/LaunchScreen.storyboard; sourceTree = "<group>"; };
		30C750331E2F8C6800D374A2 /* Info.plist */ = {isa = PBXFileReference; lastKnownFileType = text.plist.xml; path = Info.plist; sourceTree = "<group>"; };
		30C750381E2F8C6800D374A2 /* Isiah2918Tests.xctest */ = {isa = PBXFileReference; explicitFileType = wrapper.cfbundle; includeInIndex = 0; path = Isiah2918Tests.xctest; sourceTree = BUILT_PRODUCTS_DIR; };
		30C7503C1E2F8C6800D374A2 /* Isiah2918Tests.swift */ = {isa = PBXFileReference; lastKnownFileType = sourcecode.swift; path = Isiah2918Tests.swift; sourceTree = "<group>"; };
		30C7503E1E2F8C6800D374A2 /* Info.plist */ = {isa = PBXFileReference; lastKnownFileType = text.plist.xml; path = Info.plist; sourceTree = "<group>"; };
		30C750431E2F8C6800D374A2 /* Isiah2918UITests.xctest */ = {isa = PBXFileReference; explicitFileType = wrapper.cfbundle; includeInIndex = 0; path = Isiah2918UITests.xctest; sourceTree = BUILT_PRODUCTS_DIR; };
		30C750471E2F8C6800D374A2 /* Isiah2918UITests.swift */ = {isa = PBXFileReference; lastKnownFileType = sourcecode.swift; path = Isiah2918UITests.swift; sourceTree = "<group>"; };
		30C750491E2F8C6800D374A2 /* Info.plist */ = {isa = PBXFileReference; lastKnownFileType = text.plist.xml; path = Info.plist; sourceTree = "<group>"; };
		30C750551E2FA90000D374A2 /* TestImage.jpg */ = {isa = PBXFileReference; lastKnownFileType = image.jpeg; name = TestImage.jpg; path = ../TestImage.jpg; sourceTree = "<group>"; };
		405D52F1D374F31345C2B98E /* Pods_Isiah2918.framework */ = {isa = PBXFileReference; explicitFileType = wrapper.framework; includeInIndex = 0; path = Pods_Isiah2918.framework; sourceTree = BUILT_PRODUCTS_DIR; };
		4661E50BF704892A5816868F /* Pods-Isiah2918Tests.debug.xcconfig */ = {isa = PBXFileReference; includeInIndex = 1; lastKnownFileType = text.xcconfig; name = "Pods-Isiah2918Tests.debug.xcconfig"; path = "Pods/Target Support Files/Pods-Isiah2918Tests/Pods-Isiah2918Tests.debug.xcconfig"; sourceTree = "<group>"; };
		472F5E58B8E8BFB19C775BD1 /* Pods-Isiah2918.release.xcconfig */ = {isa = PBXFileReference; includeInIndex = 1; lastKnownFileType = text.xcconfig; name = "Pods-Isiah2918.release.xcconfig"; path = "Pods/Target Support Files/Pods-Isiah2918/Pods-Isiah2918.release.xcconfig"; sourceTree = "<group>"; };
		85BFADB6F23E6A372DE3824B /* Pods-Isiah2918UITests.release.xcconfig */ = {isa = PBXFileReference; includeInIndex = 1; lastKnownFileType = text.xcconfig; name = "Pods-Isiah2918UITests.release.xcconfig"; path = "Pods/Target Support Files/Pods-Isiah2918UITests/Pods-Isiah2918UITests.release.xcconfig"; sourceTree = "<group>"; };
		C59A98DEBE186A742F1D6DA5 /* Pods-Isiah2918UITests.debug.xcconfig */ = {isa = PBXFileReference; includeInIndex = 1; lastKnownFileType = text.xcconfig; name = "Pods-Isiah2918UITests.debug.xcconfig"; path = "Pods/Target Support Files/Pods-Isiah2918UITests/Pods-Isiah2918UITests.debug.xcconfig"; sourceTree = "<group>"; };
		F4BE55DA17BA472034A437E1 /* Pods_Isiah2918UITests.framework */ = {isa = PBXFileReference; explicitFileType = wrapper.framework; includeInIndex = 0; path = Pods_Isiah2918UITests.framework; sourceTree = BUILT_PRODUCTS_DIR; };
		FFD2091A3C216055CC9E3ADE /* Pods-Isiah2918Tests.release.xcconfig */ = {isa = PBXFileReference; includeInIndex = 1; lastKnownFileType = text.xcconfig; name = "Pods-Isiah2918Tests.release.xcconfig"; path = "Pods/Target Support Files/Pods-Isiah2918Tests/Pods-Isiah2918Tests.release.xcconfig"; sourceTree = "<group>"; };
/* End PBXFileReference section */

/* Begin PBXFrameworksBuildPhase section */
		30C750211E2F8C6800D374A2 /* Frameworks */ = {
			isa = PBXFrameworksBuildPhase;
			buildActionMask = 2147483647;
			files = (
				5EB0E760C69D4DAA51263D3F /* Pods_Isiah2918.framework in Frameworks */,
			);
			runOnlyForDeploymentPostprocessing = 0;
		};
		30C750351E2F8C6800D374A2 /* Frameworks */ = {
			isa = PBXFrameworksBuildPhase;
			buildActionMask = 2147483647;
			files = (
				EE19378C27342162855E37DF /* Pods_Isiah2918Tests.framework in Frameworks */,
			);
			runOnlyForDeploymentPostprocessing = 0;
		};
		30C750401E2F8C6800D374A2 /* Frameworks */ = {
			isa = PBXFrameworksBuildPhase;
			buildActionMask = 2147483647;
			files = (
				BFDBA1E417A4911EEC491686 /* Pods_Isiah2918UITests.framework in Frameworks */,
			);
			runOnlyForDeploymentPostprocessing = 0;
		};
/* End PBXFrameworksBuildPhase section */

/* Begin PBXGroup section */
		30C7501B1E2F8C6800D374A2 = {
			isa = PBXGroup;
			children = (
				30C750261E2F8C6800D374A2 /* Isiah2918 */,
				30C7503B1E2F8C6800D374A2 /* Isiah2918Tests */,
				30C750461E2F8C6800D374A2 /* Isiah2918UITests */,
				30C750251E2F8C6800D374A2 /* Products */,
				34C173148C43F35768BF0118 /* Pods */,
				F17A3F5D0138D8CC581A6190 /* Frameworks */,
			);
			sourceTree = "<group>";
		};
		30C750251E2F8C6800D374A2 /* Products */ = {
			isa = PBXGroup;
			children = (
				30C750241E2F8C6800D374A2 /* Isiah2918.app */,
				30C750381E2F8C6800D374A2 /* Isiah2918Tests.xctest */,
				30C750431E2F8C6800D374A2 /* Isiah2918UITests.xctest */,
			);
			name = Products;
			sourceTree = "<group>";
		};
		30C750261E2F8C6800D374A2 /* Isiah2918 */ = {
			isa = PBXGroup;
			children = (
				30C750551E2FA90000D374A2 /* TestImage.jpg */,
				30C750271E2F8C6800D374A2 /* AppDelegate.swift */,
				30C750291E2F8C6800D374A2 /* ViewController.swift */,
				30C7502B1E2F8C6800D374A2 /* Main.storyboard */,
				30C7502E1E2F8C6800D374A2 /* Assets.xcassets */,
				30C750301E2F8C6800D374A2 /* LaunchScreen.storyboard */,
				30C750331E2F8C6800D374A2 /* Info.plist */,
			);
			path = Isiah2918;
			sourceTree = "<group>";
		};
		30C7503B1E2F8C6800D374A2 /* Isiah2918Tests */ = {
			isa = PBXGroup;
			children = (
				30C7503C1E2F8C6800D374A2 /* Isiah2918Tests.swift */,
				30C7503E1E2F8C6800D374A2 /* Info.plist */,
			);
			path = Isiah2918Tests;
			sourceTree = "<group>";
		};
		30C750461E2F8C6800D374A2 /* Isiah2918UITests */ = {
			isa = PBXGroup;
			children = (
				30C750471E2F8C6800D374A2 /* Isiah2918UITests.swift */,
				30C750491E2F8C6800D374A2 /* Info.plist */,
			);
			path = Isiah2918UITests;
			sourceTree = "<group>";
		};
		34C173148C43F35768BF0118 /* Pods */ = {
			isa = PBXGroup;
			children = (
				2887C592DEE3EA5C32D8FF00 /* Pods-Isiah2918.debug.xcconfig */,
				472F5E58B8E8BFB19C775BD1 /* Pods-Isiah2918.release.xcconfig */,
				4661E50BF704892A5816868F /* Pods-Isiah2918Tests.debug.xcconfig */,
				FFD2091A3C216055CC9E3ADE /* Pods-Isiah2918Tests.release.xcconfig */,
				C59A98DEBE186A742F1D6DA5 /* Pods-Isiah2918UITests.debug.xcconfig */,
				85BFADB6F23E6A372DE3824B /* Pods-Isiah2918UITests.release.xcconfig */,
			);
			name = Pods;
			sourceTree = "<group>";
		};
		F17A3F5D0138D8CC581A6190 /* Frameworks */ = {
			isa = PBXGroup;
			children = (
				405D52F1D374F31345C2B98E /* Pods_Isiah2918.framework */,
				17FEF16B20A0FC8399AF57EA /* Pods_Isiah2918Tests.framework */,
				F4BE55DA17BA472034A437E1 /* Pods_Isiah2918UITests.framework */,
			);
			name = Frameworks;
			sourceTree = "<group>";
		};
/* End PBXGroup section */

/* Begin PBXNativeTarget section */
		30C750231E2F8C6800D374A2 /* Isiah2918 */ = {
			isa = PBXNativeTarget;
			buildConfigurationList = 30C7504C1E2F8C6800D374A2 /* Build configuration list for PBXNativeTarget "Isiah2918" */;
			buildPhases = (
				2FE7E32B5AC2F2DF15A40F40 /* [CP] Check Pods Manifest.lock */,
				30C750201E2F8C6800D374A2 /* Sources */,
				30C750211E2F8C6800D374A2 /* Frameworks */,
				30C750221E2F8C6800D374A2 /* Resources */,
				BFE142D5198EDC9DC1D2A460 /* [CP] Embed Pods Frameworks */,
				6903C7CC18341CC17CA52B8F /* [CP] Copy Pods Resources */,
			);
			buildRules = (
			);
			dependencies = (
			);
			name = Isiah2918;
			productName = Isiah2918;
			productReference = 30C750241E2F8C6800D374A2 /* Isiah2918.app */;
			productType = "com.apple.product-type.application";
		};
		30C750371E2F8C6800D374A2 /* Isiah2918Tests */ = {
			isa = PBXNativeTarget;
			buildConfigurationList = 30C7504F1E2F8C6800D374A2 /* Build configuration list for PBXNativeTarget "Isiah2918Tests" */;
			buildPhases = (
				AAB99B8DBC71DEC905BCB468 /* [CP] Check Pods Manifest.lock */,
				30C750341E2F8C6800D374A2 /* Sources */,
				30C750351E2F8C6800D374A2 /* Frameworks */,
				30C750361E2F8C6800D374A2 /* Resources */,
				4AEF2BE038B74700C0CA380C /* [CP] Embed Pods Frameworks */,
				F2E3073C8A83BA75A4DFC227 /* [CP] Copy Pods Resources */,
			);
			buildRules = (
			);
			dependencies = (
				30C7503A1E2F8C6800D374A2 /* PBXTargetDependency */,
			);
			name = Isiah2918Tests;
			productName = Isiah2918Tests;
			productReference = 30C750381E2F8C6800D374A2 /* Isiah2918Tests.xctest */;
			productType = "com.apple.product-type.bundle.unit-test";
		};
		30C750421E2F8C6800D374A2 /* Isiah2918UITests */ = {
			isa = PBXNativeTarget;
			buildConfigurationList = 30C750521E2F8C6800D374A2 /* Build configuration list for PBXNativeTarget "Isiah2918UITests" */;
			buildPhases = (
				8FC323CE26AF511C3BC1BDBB /* [CP] Check Pods Manifest.lock */,
				30C7503F1E2F8C6800D374A2 /* Sources */,
				30C750401E2F8C6800D374A2 /* Frameworks */,
				30C750411E2F8C6800D374A2 /* Resources */,
				1E8AAB165D8644814975EF2E /* [CP] Embed Pods Frameworks */,
				12E6FA48FD31802FADBAAB39 /* [CP] Copy Pods Resources */,
			);
			buildRules = (
			);
			dependencies = (
				30C750451E2F8C6800D374A2 /* PBXTargetDependency */,
			);
			name = Isiah2918UITests;
			productName = Isiah2918UITests;
			productReference = 30C750431E2F8C6800D374A2 /* Isiah2918UITests.xctest */;
			productType = "com.apple.product-type.bundle.ui-testing";
		};
/* End PBXNativeTarget section */

/* Begin PBXProject section */
		30C7501C1E2F8C6800D374A2 /* Project object */ = {
			isa = PBXProject;
			attributes = {
				LastSwiftUpdateCheck = 0820;
				LastUpgradeCheck = 0820;
				ORGANIZATIONNAME = "Karthik Kannan";
				TargetAttributes = {
					30C750231E2F8C6800D374A2 = {
						CreatedOnToolsVersion = 8.2;
						DevelopmentTeam = P9S59S549S;
						ProvisioningStyle = Automatic;
					};
					30C750371E2F8C6800D374A2 = {
						CreatedOnToolsVersion = 8.2;
						DevelopmentTeam = P9S59S549S;
						ProvisioningStyle = Automatic;
						TestTargetID = 30C750231E2F8C6800D374A2;
					};
					30C750421E2F8C6800D374A2 = {
						CreatedOnToolsVersion = 8.2;
						DevelopmentTeam = P9S59S549S;
						ProvisioningStyle = Automatic;
						TestTargetID = 30C750231E2F8C6800D374A2;
					};
				};
			};
			buildConfigurationList = 30C7501F1E2F8C6800D374A2 /* Build configuration list for PBXProject "Isiah2918" */;
			compatibilityVersion = "Xcode 3.2";
			developmentRegion = English;
			hasScannedForEncodings = 0;
			knownRegions = (
				en,
				Base,
			);
			mainGroup = 30C7501B1E2F8C6800D374A2;
			productRefGroup = 30C750251E2F8C6800D374A2 /* Products */;
			projectDirPath = "";
			projectRoot = "";
			targets = (
				30C750231E2F8C6800D374A2 /* Isiah2918 */,
				30C750371E2F8C6800D374A2 /* Isiah2918Tests */,
				30C750421E2F8C6800D374A2 /* Isiah2918UITests */,
			);
		};
/* End PBXProject section */

/* Begin PBXResourcesBuildPhase section */
		30C750221E2F8C6800D374A2 /* Resources */ = {
			isa = PBXResourcesBuildPhase;
			buildActionMask = 2147483647;
			files = (
				30C750321E2F8C6800D374A2 /* LaunchScreen.storyboard in Resources */,
				30C7502F1E2F8C6800D374A2 /* Assets.xcassets in Resources */,
				30C7502D1E2F8C6800D374A2 /* Main.storyboard in Resources */,
				30C750561E2FA90000D374A2 /* TestImage.jpg in Resources */,
			);
			runOnlyForDeploymentPostprocessing = 0;
		};
		30C750361E2F8C6800D374A2 /* Resources */ = {
			isa = PBXResourcesBuildPhase;
			buildActionMask = 2147483647;
			files = (
			);
			runOnlyForDeploymentPostprocessing = 0;
		};
		30C750411E2F8C6800D374A2 /* Resources */ = {
			isa = PBXResourcesBuildPhase;
			buildActionMask = 2147483647;
			files = (
			);
			runOnlyForDeploymentPostprocessing = 0;
		};
/* End PBXResourcesBuildPhase section */

/* Begin PBXShellScriptBuildPhase section */
		12E6FA48FD31802FADBAAB39 /* [CP] Copy Pods Resources */ = {
			isa = PBXShellScriptBuildPhase;
			buildActionMask = 2147483647;
			files = (
			);
			inputPaths = (
			);
			name = "[CP] Copy Pods Resources";
			outputPaths = (
			);
			runOnlyForDeploymentPostprocessing = 0;
			shellPath = /bin/sh;
			shellScript = "\"${SRCROOT}/Pods/Target Support Files/Pods-Isiah2918UITests/Pods-Isiah2918UITests-resources.sh\"\n";
			showEnvVarsInLog = 0;
		};
		1E8AAB165D8644814975EF2E /* [CP] Embed Pods Frameworks */ = {
			isa = PBXShellScriptBuildPhase;
			buildActionMask = 2147483647;
			files = (
			);
			inputPaths = (
			);
			name = "[CP] Embed Pods Frameworks";
			outputPaths = (
			);
			runOnlyForDeploymentPostprocessing = 0;
			shellPath = /bin/sh;
			shellScript = "\"${SRCROOT}/Pods/Target Support Files/Pods-Isiah2918UITests/Pods-Isiah2918UITests-frameworks.sh\"\n";
			showEnvVarsInLog = 0;
		};
		2FE7E32B5AC2F2DF15A40F40 /* [CP] Check Pods Manifest.lock */ = {
			isa = PBXShellScriptBuildPhase;
			buildActionMask = 2147483647;
			files = (
			);
			inputPaths = (
			);
			name = "[CP] Check Pods Manifest.lock";
			outputPaths = (
			);
			runOnlyForDeploymentPostprocessing = 0;
			shellPath = /bin/sh;
			shellScript = "diff \"${PODS_ROOT}/../Podfile.lock\" \"${PODS_ROOT}/Manifest.lock\" > /dev/null\nif [ $? != 0 ] ; then\n    # print error to STDERR\n    echo \"error: The sandbox is not in sync with the Podfile.lock. Run 'pod install' or update your CocoaPods installation.\" >&2\n    exit 1\nfi\n";
			showEnvVarsInLog = 0;
		};
		4AEF2BE038B74700C0CA380C /* [CP] Embed Pods Frameworks */ = {
			isa = PBXShellScriptBuildPhase;
			buildActionMask = 2147483647;
			files = (
			);
			inputPaths = (
			);
			name = "[CP] Embed Pods Frameworks";
			outputPaths = (
			);
			runOnlyForDeploymentPostprocessing = 0;
			shellPath = /bin/sh;
			shellScript = "\"${SRCROOT}/Pods/Target Support Files/Pods-Isiah2918Tests/Pods-Isiah2918Tests-frameworks.sh\"\n";
			showEnvVarsInLog = 0;
		};
		6903C7CC18341CC17CA52B8F /* [CP] Copy Pods Resources */ = {
			isa = PBXShellScriptBuildPhase;
			buildActionMask = 2147483647;
			files = (
			);
			inputPaths = (
			);
			name = "[CP] Copy Pods Resources";
			outputPaths = (
			);
			runOnlyForDeploymentPostprocessing = 0;
			shellPath = /bin/sh;
			shellScript = "\"${SRCROOT}/Pods/Target Support Files/Pods-Isiah2918/Pods-Isiah2918-resources.sh\"\n";
			showEnvVarsInLog = 0;
		};
		8FC323CE26AF511C3BC1BDBB /* [CP] Check Pods Manifest.lock */ = {
			isa = PBXShellScriptBuildPhase;
			buildActionMask = 2147483647;
			files = (
			);
			inputPaths = (
			);
			name = "[CP] Check Pods Manifest.lock";
			outputPaths = (
			);
			runOnlyForDeploymentPostprocessing = 0;
			shellPath = /bin/sh;
			shellScript = "diff \"${PODS_ROOT}/../Podfile.lock\" \"${PODS_ROOT}/Manifest.lock\" > /dev/null\nif [ $? != 0 ] ; then\n    # print error to STDERR\n    echo \"error: The sandbox is not in sync with the Podfile.lock. Run 'pod install' or update your CocoaPods installation.\" >&2\n    exit 1\nfi\n";
			showEnvVarsInLog = 0;
		};
		AAB99B8DBC71DEC905BCB468 /* [CP] Check Pods Manifest.lock */ = {
			isa = PBXShellScriptBuildPhase;
			buildActionMask = 2147483647;
			files = (
			);
			inputPaths = (
			);
			name = "[CP] Check Pods Manifest.lock";
			outputPaths = (
			);
			runOnlyForDeploymentPostprocessing = 0;
			shellPath = /bin/sh;
			shellScript = "diff \"${PODS_ROOT}/../Podfile.lock\" \"${PODS_ROOT}/Manifest.lock\" > /dev/null\nif [ $? != 0 ] ; then\n    # print error to STDERR\n    echo \"error: The sandbox is not in sync with the Podfile.lock. Run 'pod install' or update your CocoaPods installation.\" >&2\n    exit 1\nfi\n";
			showEnvVarsInLog = 0;
		};
		BFE142D5198EDC9DC1D2A460 /* [CP] Embed Pods Frameworks */ = {
			isa = PBXShellScriptBuildPhase;
			buildActionMask = 2147483647;
			files = (
			);
			inputPaths = (
			);
			name = "[CP] Embed Pods Frameworks";
			outputPaths = (
			);
			runOnlyForDeploymentPostprocessing = 0;
			shellPath = /bin/sh;
			shellScript = "\"${SRCROOT}/Pods/Target Support Files/Pods-Isiah2918/Pods-Isiah2918-frameworks.sh\"\n";
			showEnvVarsInLog = 0;
		};
		F2E3073C8A83BA75A4DFC227 /* [CP] Copy Pods Resources */ = {
			isa = PBXShellScriptBuildPhase;
			buildActionMask = 2147483647;
			files = (
			);
			inputPaths = (
			);
			name = "[CP] Copy Pods Resources";
			outputPaths = (
			);
			runOnlyForDeploymentPostprocessing = 0;
			shellPath = /bin/sh;
			shellScript = "\"${SRCROOT}/Pods/Target Support Files/Pods-Isiah2918Tests/Pods-Isiah2918Tests-resources.sh\"\n";
			showEnvVarsInLog = 0;
		};
/* End PBXShellScriptBuildPhase section */

/* Begin PBXSourcesBuildPhase section */
		30C750201E2F8C6800D374A2 /* Sources */ = {
			isa = PBXSourcesBuildPhase;
			buildActionMask = 2147483647;
			files = (
				30C7502A1E2F8C6800D374A2 /* ViewController.swift in Sources */,
				30C750281E2F8C6800D374A2 /* AppDelegate.swift in Sources */,
			);
			runOnlyForDeploymentPostprocessing = 0;
		};
		30C750341E2F8C6800D374A2 /* Sources */ = {
			isa = PBXSourcesBuildPhase;
			buildActionMask = 2147483647;
			files = (
				30C7503D1E2F8C6800D374A2 /* Isiah2918Tests.swift in Sources */,
			);
			runOnlyForDeploymentPostprocessing = 0;
		};
		30C7503F1E2F8C6800D374A2 /* Sources */ = {
			isa = PBXSourcesBuildPhase;
			buildActionMask = 2147483647;
			files = (
				30C750481E2F8C6800D374A2 /* Isiah2918UITests.swift in Sources */,
			);
			runOnlyForDeploymentPostprocessing = 0;
		};
/* End PBXSourcesBuildPhase section */

/* Begin PBXTargetDependency section */
		30C7503A1E2F8C6800D374A2 /* PBXTargetDependency */ = {
			isa = PBXTargetDependency;
			target = 30C750231E2F8C6800D374A2 /* Isiah2918 */;
			targetProxy = 30C750391E2F8C6800D374A2 /* PBXContainerItemProxy */;
		};
		30C750451E2F8C6800D374A2 /* PBXTargetDependency */ = {
			isa = PBXTargetDependency;
			target = 30C750231E2F8C6800D374A2 /* Isiah2918 */;
			targetProxy = 30C750441E2F8C6800D374A2 /* PBXContainerItemProxy */;
		};
/* End PBXTargetDependency section */

/* Begin PBXVariantGroup section */
		30C7502B1E2F8C6800D374A2 /* Main.storyboard */ = {
			isa = PBXVariantGroup;
			children = (
				30C7502C1E2F8C6800D374A2 /* Base */,
			);
			name = Main.storyboard;
			sourceTree = "<group>";
		};
		30C750301E2F8C6800D374A2 /* LaunchScreen.storyboard */ = {
			isa = PBXVariantGroup;
			children = (
				30C750311E2F8C6800D374A2 /* Base */,
			);
			name = LaunchScreen.storyboard;
			sourceTree = "<group>";
		};
/* End PBXVariantGroup section */

/* Begin XCBuildConfiguration section */
		30C7504A1E2F8C6800D374A2 /* Debug */ = {
			isa = XCBuildConfiguration;
			buildSettings = {
				ALWAYS_SEARCH_USER_PATHS = NO;
				CLANG_ANALYZER_NONNULL = YES;
				CLANG_CXX_LANGUAGE_STANDARD = "gnu++0x";
				CLANG_CXX_LIBRARY = "libc++";
				CLANG_ENABLE_MODULES = YES;
				CLANG_ENABLE_OBJC_ARC = YES;
				CLANG_WARN_BOOL_CONVERSION = YES;
				CLANG_WARN_CONSTANT_CONVERSION = YES;
				CLANG_WARN_DIRECT_OBJC_ISA_USAGE = YES_ERROR;
				CLANG_WARN_DOCUMENTATION_COMMENTS = YES;
				CLANG_WARN_EMPTY_BODY = YES;
				CLANG_WARN_ENUM_CONVERSION = YES;
				CLANG_WARN_INFINITE_RECURSION = YES;
				CLANG_WARN_INT_CONVERSION = YES;
				CLANG_WARN_OBJC_ROOT_CLASS = YES_ERROR;
				CLANG_WARN_SUSPICIOUS_MOVE = YES;
				CLANG_WARN_UNREACHABLE_CODE = YES;
				CLANG_WARN__DUPLICATE_METHOD_MATCH = YES;
				"CODE_SIGN_IDENTITY[sdk=iphoneos*]" = "iPhone Developer";
				COPY_PHASE_STRIP = NO;
				DEBUG_INFORMATION_FORMAT = dwarf;
				ENABLE_STRICT_OBJC_MSGSEND = YES;
				ENABLE_TESTABILITY = YES;
				GCC_C_LANGUAGE_STANDARD = gnu99;
				GCC_DYNAMIC_NO_PIC = NO;
				GCC_NO_COMMON_BLOCKS = YES;
				GCC_OPTIMIZATION_LEVEL = 0;
				GCC_PREPROCESSOR_DEFINITIONS = (
					"DEBUG=1",
					"$(inherited)",
				);
				GCC_WARN_64_TO_32_BIT_CONVERSION = YES;
				GCC_WARN_ABOUT_RETURN_TYPE = YES_ERROR;
				GCC_WARN_UNDECLARED_SELECTOR = YES;
				GCC_WARN_UNINITIALIZED_AUTOS = YES_AGGRESSIVE;
				GCC_WARN_UNUSED_FUNCTION = YES;
				GCC_WARN_UNUSED_VARIABLE = YES;
				IPHONEOS_DEPLOYMENT_TARGET = 10.2;
				MTL_ENABLE_DEBUG_INFO = YES;
				ONLY_ACTIVE_ARCH = YES;
				SDKROOT = iphoneos;
				SWIFT_ACTIVE_COMPILATION_CONDITIONS = DEBUG;
				SWIFT_OPTIMIZATION_LEVEL = "-Onone";
			};
			name = Debug;
		};
		30C7504B1E2F8C6800D374A2 /* Release */ = {
			isa = XCBuildConfiguration;
			buildSettings = {
				ALWAYS_SEARCH_USER_PATHS = NO;
				CLANG_ANALYZER_NONNULL = YES;
				CLANG_CXX_LANGUAGE_STANDARD = "gnu++0x";
				CLANG_CXX_LIBRARY = "libc++";
				CLANG_ENABLE_MODULES = YES;
				CLANG_ENABLE_OBJC_ARC = YES;
				CLANG_WARN_BOOL_CONVERSION = YES;
				CLANG_WARN_CONSTANT_CONVERSION = YES;
				CLANG_WARN_DIRECT_OBJC_ISA_USAGE = YES_ERROR;
				CLANG_WARN_DOCUMENTATION_COMMENTS = YES;
				CLANG_WARN_EMPTY_BODY = YES;
				CLANG_WARN_ENUM_CONVERSION = YES;
				CLANG_WARN_INFINITE_RECURSION = YES;
				CLANG_WARN_INT_CONVERSION = YES;
				CLANG_WARN_OBJC_ROOT_CLASS = YES_ERROR;
				CLANG_WARN_SUSPICIOUS_MOVE = YES;
				CLANG_WARN_UNREACHABLE_CODE = YES;
				CLANG_WARN__DUPLICATE_METHOD_MATCH = YES;
				"CODE_SIGN_IDENTITY[sdk=iphoneos*]" = "iPhone Developer";
				COPY_PHASE_STRIP = NO;
				DEBUG_INFORMATION_FORMAT = "dwarf-with-dsym";
				ENABLE_NS_ASSERTIONS = NO;
				ENABLE_STRICT_OBJC_MSGSEND = YES;
				GCC_C_LANGUAGE_STANDARD = gnu99;
				GCC_NO_COMMON_BLOCKS = YES;
				GCC_WARN_64_TO_32_BIT_CONVERSION = YES;
				GCC_WARN_ABOUT_RETURN_TYPE = YES_ERROR;
				GCC_WARN_UNDECLARED_SELECTOR = YES;
				GCC_WARN_UNINITIALIZED_AUTOS = YES_AGGRESSIVE;
				GCC_WARN_UNUSED_FUNCTION = YES;
				GCC_WARN_UNUSED_VARIABLE = YES;
				IPHONEOS_DEPLOYMENT_TARGET = 10.2;
				MTL_ENABLE_DEBUG_INFO = NO;
				SDKROOT = iphoneos;
				SWIFT_OPTIMIZATION_LEVEL = "-Owholemodule";
				VALIDATE_PRODUCT = YES;
			};
			name = Release;
		};
		30C7504D1E2F8C6800D374A2 /* Debug */ = {
			isa = XCBuildConfiguration;
			baseConfigurationReference = 2887C592DEE3EA5C32D8FF00 /* Pods-Isiah2918.debug.xcconfig */;
			buildSettings = {
				ASSETCATALOG_COMPILER_APPICON_NAME = AppIcon;
				DEVELOPMENT_TEAM = P9S59S549S;
				INFOPLIST_FILE = Isiah2918/Info.plist;
				LD_RUNPATH_SEARCH_PATHS = "$(inherited) @executable_path/Frameworks";
				PRODUCT_BUNDLE_IDENTIFIER = com.lotusbee.Isiah2918;
				PRODUCT_NAME = "$(TARGET_NAME)";
				SWIFT_VERSION = 3.0;
			};
			name = Debug;
		};
		30C7504E1E2F8C6800D374A2 /* Release */ = {
			isa = XCBuildConfiguration;
			baseConfigurationReference = 472F5E58B8E8BFB19C775BD1 /* Pods-Isiah2918.release.xcconfig */;
			buildSettings = {
				ASSETCATALOG_COMPILER_APPICON_NAME = AppIcon;
				DEVELOPMENT_TEAM = P9S59S549S;
				INFOPLIST_FILE = Isiah2918/Info.plist;
				LD_RUNPATH_SEARCH_PATHS = "$(inherited) @executable_path/Frameworks";
				PRODUCT_BUNDLE_IDENTIFIER = com.lotusbee.Isiah2918;
				PRODUCT_NAME = "$(TARGET_NAME)";
				SWIFT_VERSION = 3.0;
			};
			name = Release;
		};
		30C750501E2F8C6800D374A2 /* Debug */ = {
			isa = XCBuildConfiguration;
			baseConfigurationReference = 4661E50BF704892A5816868F /* Pods-Isiah2918Tests.debug.xcconfig */;
			buildSettings = {
				ALWAYS_EMBED_SWIFT_STANDARD_LIBRARIES = YES;
				BUNDLE_LOADER = "$(TEST_HOST)";
				DEVELOPMENT_TEAM = P9S59S549S;
				INFOPLIST_FILE = Isiah2918Tests/Info.plist;
				LD_RUNPATH_SEARCH_PATHS = "$(inherited) @executable_path/Frameworks @loader_path/Frameworks";
				PRODUCT_BUNDLE_IDENTIFIER = com.lotusbee.Isiah2918Tests;
				PRODUCT_NAME = "$(TARGET_NAME)";
				SWIFT_VERSION = 3.0;
				TEST_HOST = "$(BUILT_PRODUCTS_DIR)/Isiah2918.app/Isiah2918";
			};
			name = Debug;
		};
		30C750511E2F8C6800D374A2 /* Release */ = {
			isa = XCBuildConfiguration;
			baseConfigurationReference = FFD2091A3C216055CC9E3ADE /* Pods-Isiah2918Tests.release.xcconfig */;
			buildSettings = {
				ALWAYS_EMBED_SWIFT_STANDARD_LIBRARIES = YES;
				BUNDLE_LOADER = "$(TEST_HOST)";
				DEVELOPMENT_TEAM = P9S59S549S;
				INFOPLIST_FILE = Isiah2918Tests/Info.plist;
				LD_RUNPATH_SEARCH_PATHS = "$(inherited) @executable_path/Frameworks @loader_path/Frameworks";
				PRODUCT_BUNDLE_IDENTIFIER = com.lotusbee.Isiah2918Tests;
				PRODUCT_NAME = "$(TARGET_NAME)";
				SWIFT_VERSION = 3.0;
				TEST_HOST = "$(BUILT_PRODUCTS_DIR)/Isiah2918.app/Isiah2918";
			};
			name = Release;
		};
		30C750531E2F8C6800D374A2 /* Debug */ = {
			isa = XCBuildConfiguration;
			baseConfigurationReference = C59A98DEBE186A742F1D6DA5 /* Pods-Isiah2918UITests.debug.xcconfig */;
			buildSettings = {
				ALWAYS_EMBED_SWIFT_STANDARD_LIBRARIES = YES;
				DEVELOPMENT_TEAM = P9S59S549S;
				INFOPLIST_FILE = Isiah2918UITests/Info.plist;
				LD_RUNPATH_SEARCH_PATHS = "$(inherited) @executable_path/Frameworks @loader_path/Frameworks";
				PRODUCT_BUNDLE_IDENTIFIER = com.lotusbee.Isiah2918UITests;
				PRODUCT_NAME = "$(TARGET_NAME)";
				SWIFT_VERSION = 3.0;
				TEST_TARGET_NAME = Isiah2918;
			};
			name = Debug;
		};
		30C750541E2F8C6800D374A2 /* Release */ = {
			isa = XCBuildConfiguration;
			baseConfigurationReference = 85BFADB6F23E6A372DE3824B /* Pods-Isiah2918UITests.release.xcconfig */;
			buildSettings = {
				ALWAYS_EMBED_SWIFT_STANDARD_LIBRARIES = YES;
				DEVELOPMENT_TEAM = P9S59S549S;
				INFOPLIST_FILE = Isiah2918UITests/Info.plist;
				LD_RUNPATH_SEARCH_PATHS = "$(inherited) @executable_path/Frameworks @loader_path/Frameworks";
				PRODUCT_BUNDLE_IDENTIFIER = com.lotusbee.Isiah2918UITests;
				PRODUCT_NAME = "$(TARGET_NAME)";
				SWIFT_VERSION = 3.0;
				TEST_TARGET_NAME = Isiah2918;
			};
			name = Release;
		};
/* End XCBuildConfiguration section */

/* Begin XCConfigurationList section */
		30C7501F1E2F8C6800D374A2 /* Build configuration list for PBXProject "Isiah2918" */ = {
			isa = XCConfigurationList;
			buildConfigurations = (
				30C7504A1E2F8C6800D374A2 /* Debug */,
				30C7504B1E2F8C6800D374A2 /* Release */,
			);
			defaultConfigurationIsVisible = 0;
			defaultConfigurationName = Release;
		};
		30C7504C1E2F8C6800D374A2 /* Build configuration list for PBXNativeTarget "Isiah2918" */ = {
			isa = XCConfigurationList;
			buildConfigurations = (
				30C7504D1E2F8C6800D374A2 /* Debug */,
				30C7504E1E2F8C6800D374A2 /* Release */,
			);
			defaultConfigurationIsVisible = 0;
			defaultConfigurationName = Release;
		};
		30C7504F1E2F8C6800D374A2 /* Build configuration list for PBXNativeTarget "Isiah2918Tests" */ = {
			isa = XCConfigurationList;
			buildConfigurations = (
				30C750501E2F8C6800D374A2 /* Debug */,
				30C750511E2F8C6800D374A2 /* Release */,
			);
			defaultConfigurationIsVisible = 0;
			defaultConfigurationName = Release;
		};
		30C750521E2F8C6800D374A2 /* Build configuration list for PBXNativeTarget "Isiah2918UITests" */ = {
			isa = XCConfigurationList;
			buildConfigurations = (
				30C750531E2F8C6800D374A2 /* Debug */,
				30C750541E2F8C6800D374A2 /* Release */,
			);
			defaultConfigurationIsVisible = 0;
			defaultConfigurationName = Release;
		};
/* End XCConfigurationList section */
	};
	rootObject = 30C7501C1E2F8C6800D374A2 /* Project object */;
}
